<?xml version="1.0" encoding="utf-8"?>
<Project ToolsVersion="4.0" xmlns="http://schemas.microsoft.com/developer/msbuild/2003">
  <ItemGroup>
    <ClCompile Include="src\lua_helpers.cpp" />
    <ClCompile Include="src\module.cpp" />
    <ClCompile Include="src\xlua.cpp" />
    <ClCompile Include="src\xpcommands.cpp" />
    <ClCompile Include="src\xpdatarefs.cpp" />
    <ClCompile Include="src\xpfuncs.cpp" />
    <ClCompile Include="src\xptimers.cpp" />
    <ClCompile Include="imgui\imgui.cpp">
      <Filter>imgui</Filter>
    </ClCompile>
    <ClCompile Include="imgui\imgui_demo.cpp">
      <Filter>imgui</Filter>
    </ClCompile>
    <ClCompile Include="imgui\imgui_draw.cpp">
      <Filter>imgui</Filter>
    </ClCompile>
    <ClCompile Include="imgui\imgui_tables.cpp">
      <Filter>imgui</Filter>
    </ClCompile>
    <ClCompile Include="imgui\imgui_widgets.cpp">
      <Filter>imgui</Filter>
    </ClCompile>
    <ClCompile Include="imgui\misc\cpp\imgui_stdlib.cpp">
      <Filter>imgui</Filter>
    </ClCompile>
    <ClCompile Include="src\FloatingWindows\FloatingWindow.cpp">
      <Filter>FloatingWindows</Filter>
    </ClCompile>
    <ClCompile Include="src\FloatingWindows\FLWIntegration.cpp">
      <Filter>FloatingWindows</Filter>
    </ClCompile>
    <ClCompile Include="src\FloatingWindows\ImGUIIntegration.cpp">
      <Filter>FloatingWindows</Filter>
    </ClCompile>
    <ClCompile Include="imgui_lua_bindings\imgui_lua_bindings.cpp" />
    <ClCompile Include="SDK\XLua_glue\XPLMCamera_glue.cpp">
      <Filter>Glue</Filter>
    </ClCompile>
    <ClCompile Include="SDK\XLua_glue\XPLMDataAccess_glue.cpp">
      <Filter>Glue</Filter>
    </ClCompile>
    <ClCompile Include="SDK\XLua_glue\XPLMDisplay_glue.cpp">
      <Filter>Glue</Filter>
    </ClCompile>
    <ClCompile Include="SDK\XLua_glue\XPLMGraphics_glue.cpp">
      <Filter>Glue</Filter>
    </ClCompile>
    <ClCompile Include="SDK\XLua_glue\XPLMInstance_glue.cpp">
      <Filter>Glue</Filter>
    </ClCompile>
    <ClCompile Include="SDK\XLua_glue\XPLMMap_glue.cpp">
      <Filter>Glue</Filter>
    </ClCompile>
    <ClCompile Include="SDK\XLua_glue\XPLMMenus_glue.cpp">
      <Filter>Glue</Filter>
    </ClCompile>
    <ClCompile Include="SDK\XLua_glue\XPLMNavigation_glue.cpp">
      <Filter>Glue</Filter>
    </ClCompile>
    <ClCompile Include="SDK\XLua_glue\XPLMPlanes_glue.cpp">
      <Filter>Glue</Filter>
    </ClCompile>
    <ClCompile Include="SDK\XLua_glue\XPLMPlugin_glue.cpp">
      <Filter>Glue</Filter>
    </ClCompile>
    <ClCompile Include="SDK\XLua_glue\XPLMProcessing_glue.cpp">
      <Filter>Glue</Filter>
    </ClCompile>
    <ClCompile Include="SDK\XLua_glue\XPLMScenery_glue.cpp">
      <Filter>Glue</Filter>
    </ClCompile>
    <ClCompile Include="SDK\XLua_glue\XPLMUtilities_glue.cpp">
      <Filter>Glue</Filter>
    </ClCompile>
    <ClCompile Include="SDK\XLua_glue\XPLMWeather_glue.cpp">
      <Filter>Glue</Filter>
    </ClCompile>
    <ClCompile Include="SDK\XLua_glue\XLua_Register_glue.cpp">
      <Filter>Glue</Filter>
    </ClCompile>
    <ClCompile Include="SDK\XLua_glue\XPLMDefs_glue.cpp">
      <Filter>Glue</Filter>
    </ClCompile>
    <ClCompile Include="SDK\XLua_glue\XPLMSound_glue.cpp">
      <Filter>Glue</Filter>
    </ClCompile>
  </ItemGroup>
  <ItemGroup>
    <ClInclude Include="lua_sdk\lauxlib.h" />
    <ClInclude Include="lua_sdk\lua.h" />
    <ClInclude Include="lua_sdk\luaconf.h" />
    <ClInclude Include="lua_sdk\lualib.h" />
    <ClInclude Include="src\lua_helpers.h" />
    <ClInclude Include="src\module.h" />
    <ClInclude Include="src\xpcommands.h" />
    <ClInclude Include="src\xpdatarefs.h" />
    <ClInclude Include="src\xpfuncs.h" />
    <ClInclude Include="src\xptimers.h" />
    <ClInclude Include="imgui\imconfig.h">
      <Filter>imgui</Filter>
    </ClInclude>
    <ClInclude Include="imgui\imgui.h">
      <Filter>imgui</Filter>
    </ClInclude>
    <ClInclude Include="imgui\imgui_internal.h">
      <Filter>imgui</Filter>
    </ClInclude>
    <ClInclude Include="imgui\imstb_rectpack.h">
      <Filter>imgui</Filter>
    </ClInclude>
    <ClInclude Include="imgui\imstb_textedit.h">
      <Filter>imgui</Filter>
    </ClInclude>
    <ClInclude Include="imgui\imstb_truetype.h">
      <Filter>imgui</Filter>
    </ClInclude>
    <ClInclude Include="imgui\misc\cpp\imgui_stdlib.h">
      <Filter>imgui</Filter>
    </ClInclude>
    <ClInclude Include="src\FloatingWindows\FloatingWindow.h">
      <Filter>FloatingWindows</Filter>
    </ClInclude>
    <ClInclude Include="src\FloatingWindows\FLWIntegration.h">
      <Filter>FloatingWindows</Filter>
    </ClInclude>
    <ClInclude Include="src\FloatingWindows\ImGUIIntegration.h">
      <Filter>FloatingWindows</Filter>
    </ClInclude>
    <ClInclude Include="src\FloatingWindows\stb_image.h">
      <Filter>FloatingWindows</Filter>
    </ClInclude>
    <ClInclude Include="src\log.h" />
    <ClInclude Include="SDK\CHeaders\XPLM\XPLMCamera.h">
      <Filter>XPLM Headers</Filter>
    </ClInclude>
    <ClInclude Include="SDK\CHeaders\XPLM\XPLMDataAccess.h">
      <Filter>XPLM Headers</Filter>
    </ClInclude>
    <ClInclude Include="SDK\CHeaders\XPLM\XPLMDefs.h">
      <Filter>XPLM Headers</Filter>
    </ClInclude>
    <ClInclude Include="SDK\CHeaders\XPLM\XPLMDisplay.h">
      <Filter>XPLM Headers</Filter>
    </ClInclude>
    <ClInclude Include="SDK\CHeaders\XPLM\XPLMGraphics.h">
      <Filter>XPLM Headers</Filter>
    </ClInclude>
    <ClInclude Include="SDK\CHeaders\XPLM\XPLMInstance.h">
      <Filter>XPLM Headers</Filter>
    </ClInclude>
    <ClInclude Include="SDK\CHeaders\XPLM\XPLMMap.h">
      <Filter>XPLM Headers</Filter>
    </ClInclude>
    <ClInclude Include="SDK\CHeaders\XPLM\XPLMMenus.h">
      <Filter>XPLM Headers</Filter>
    </ClInclude>
    <ClInclude Include="SDK\CHeaders\XPLM\XPLMNavigation.h">
      <Filter>XPLM Headers</Filter>
    </ClInclude>
    <ClInclude Include="SDK\CHeaders\XPLM\XPLMPlanes.h">
      <Filter>XPLM Headers</Filter>
    </ClInclude>
    <ClInclude Include="SDK\CHeaders\XPLM\XPLMPlugin.h">
      <Filter>XPLM Headers</Filter>
    </ClInclude>
    <ClInclude Include="SDK\CHeaders\XPLM\XPLMProcessing.h">
      <Filter>XPLM Headers</Filter>
    </ClInclude>
    <ClInclude Include="SDK\CHeaders\XPLM\XPLMScenery.h">
      <Filter>XPLM Headers</Filter>
    </ClInclude>
    <ClInclude Include="SDK\CHeaders\XPLM\XPLMSound.h">
      <Filter>XPLM Headers</Filter>
    </ClInclude>
    <ClInclude Include="SDK\CHeaders\XPLM\XPLMUtilities.h">
      <Filter>XPLM Headers</Filter>
    </ClInclude>
    <ClInclude Include="SDK\CHeaders\XPLM\XPLMWeather.h">
      <Filter>XPLM Headers</Filter>
    </ClInclude>
  </ItemGroup>
  <ItemGroup>
    <Filter Include="imgui">
      <UniqueIdentifier>{2fbe9cf0-2363-4388-88e7-9b63e3d08308}</UniqueIdentifier>
    </Filter>
    <Filter Include="FloatingWindows">
      <UniqueIdentifier>{19fbe8bc-e757-4448-b07a-9a19fb67fd92}</UniqueIdentifier>
    </Filter>
    <Filter Include="Glue">
      <UniqueIdentifier>{94d58214-f5a3-427f-a068-2f5e646f9ac2}</UniqueIdentifier>
    </Filter>
    <Filter Include="XPLM Headers">
      <UniqueIdentifier>{003d836b-04bb-43af-8906-011f424b9c34}</UniqueIdentifier>
    </Filter>
  </ItemGroup>
  <ItemGroup>
    <None Include="imgui\misc\debuggers\imgui.natstepfilter">
      <Filter>imgui</Filter>
    </None>
  </ItemGroup>
  <ItemGroup>
    <Natvis Include="imgui\misc\debuggers\imgui.natvis">
      <Filter>imgui</Filter>
    </Natvis>
  </ItemGroup>
</Project>