
Microsoft Visual Studio Solution File, Format Version 12.00
# Visual Studio Version 17
VisualStudioVersion = 17.13.35919.96 d17.13
MinimumVisualStudioVersion = 10.0.40219.1
Project("{8BC9CEB8-8B4A-11D0-8D11-00A0C91BC942}") = "xlua", "xlua.vcxproj", "{DC5C4AEF-8623-4E7A-9CC2-670312A80E31}"
EndProject
Global
	GlobalSection(SolutionConfigurationPlatforms) = preSolution
		Debug|x64 = Debug|x64
		Debug|x86 = Debug|x86
		Release|x64 = Release|x64
		Release|x86 = Release|x86
	EndGlobalSection
	GlobalSection(ProjectConfigurationPlatforms) = postSolution
		{DC5C4AEF-8623-4E7A-9CC2-670312A80E31}.Debug|x64.ActiveCfg = Debug|x64
		{DC5C4AEF-8623-4E7A-9CC2-670312A80E31}.Debug|x64.Build.0 = Debug|x64
		{DC5C4AEF-8623-4E7A-9CC2-670312A80E31}.Debug|x86.ActiveCfg = Debug|Win32
		{DC5C4AEF-8623-4E7A-9CC2-670312A80E31}.Debug|x86.Build.0 = Debug|Win32
		{DC5C4AEF-8623-4E7A-9CC2-670312A80E31}.Release|x64.ActiveCfg = Release|x64
		{DC5C4AEF-8623-4E7A-9CC2-670312A80E31}.Release|x64.Build.0 = Release|x64
		{DC5C4AEF-8623-4E7A-9CC2-670312A80E31}.Release|x86.ActiveCfg = Release|Win32
		{DC5C4AEF-8623-4E7A-9CC2-670312A80E31}.Release|x86.Build.0 = Release|Win32
	EndGlobalSection
	GlobalSection(SolutionProperties) = preSolution
		HideSolutionNode = FALSE
	EndGlobalSection
	GlobalSection(ExtensibilityGlobals) = postSolution
		SolutionGuid = {3C392B92-EF00-411D-824B-20F5B3DD2CF3}
	EndGlobalSection
EndGlobal
